// !$*UTF8*$!
{
	archiveVersion = 1;
	classes = {
	};
	objectVersion = 55;
	objects = {

/* Begin PBXBuildFile section */
		A0BA042527E09D920020E264 /* AppDelegate.swift in Sources */ = {isa = PBXBuildFile; fileRef = A0BA042427E09D920020E264 /* AppDelegate.swift */; };
		A0BA042727E09D920020E264 /* SceneDelegate.swift in Sources */ = {isa = PBXBuildFile; fileRef = A0BA042627E09D920020E264 /* SceneDelegate.swift */; };
		A0BA042927E09D920020E264 /* ViewController.swift in Sources */ = {isa = PBXBuildFile; fileRef = A0BA042827E09D920020E264 /* ViewController.swift */; };
		A0BA042C27E09D920020E264 /* Main.storyboard in Resources */ = {isa = PBXBuildFile; fileRef = A0BA042A27E09D920020E264 /* Main.storyboard */; };
		A0BA042F27E09D920020E264 /* testGitApp.xcdatamodeld in Sources */ = {isa = PBXBuildFile; fileRef = A0BA042D27E09D920020E264 /* testGitApp.xcdatamodeld */; };
		A0BA043127E09D930020E264 /* Assets.xcassets in Resources */ = {isa = PBXBuildFile; fileRef = A0BA043027E09D930020E264 /* Assets.xcassets */; };
		A0BA043427E09D930020E264 /* LaunchScreen.storyboard in Resources */ = {isa = PBXBuildFile; fileRef = A0BA043227E09D930020E264 /* LaunchScreen.storyboard */; };
		A0BA043F27E09D930020E264 /* testGitAppTests.swift in Sources */ = {isa = PBXBuildFile; fileRef = A0BA043E27E09D930020E264 /* testGitAppTests.swift */; };
		A0BA044927E09D930020E264 /* testGitAppUITests.swift in Sources */ = {isa = PBXBuildFile; fileRef = A0BA044827E09D930020E264 /* testGitAppUITests.swift */; };
		A0BA044B27E09D930020E264 /* testGitAppUITestsLaunchTests.swift in Sources */ = {isa = PBXBuildFile; fileRef = A0BA044A27E09D930020E264 /* testGitAppUITestsLaunchTests.swift */; };
/* End PBXBuildFile section */

/* Begin PBXContainerItemProxy section */
		A0BA043B27E09D930020E264 /* PBXContainerItemProxy */ = {
			isa = PBXContainerItemProxy;
			containerPortal = A0BA041927E09D920020E264 /* Project object */;
			proxyType = 1;
			remoteGlobalIDString = A0BA042027E09D920020E264;
			remoteInfo = testGitApp;
		};
		A0BA044527E09D930020E264 /* PBXContainerItemProxy */ = {
			isa = PBXContainerItemProxy;
			containerPortal = A0BA041927E09D920020E264 /* Project object */;
			proxyType = 1;
			remoteGlobalIDString = A0BA042027E09D920020E264;
			remoteInfo = testGitApp;
		};
/* End PBXContainerItemProxy section */

/* Begin PBXFileReference section */
		A0BA042127E09D920020E264 /* testGitApp.app */ = {isa = PBXFileReference; explicitFileType = wrapper.application; includeInIndex = 0; path = testGitApp.app; sourceTree = BUILT_PRODUCTS_DIR; };
		A0BA042427E09D920020E264 /* AppDelegate.swift */ = {isa = PBXFileReference; lastKnownFileType = sourcecode.swift; path = AppDelegate.swift; sourceTree = "<group>"; };
		A0BA042627E09D920020E264 /* SceneDelegate.swift */ = {isa = PBXFileReference; lastKnownFileType = sourcecode.swift; path = SceneDelegate.swift; sourceTree = "<group>"; };
		A0BA042827E09D920020E264 /* ViewController.swift */ = {isa = PBXFileReference; lastKnownFileType = sourcecode.swift; path = ViewController.swift; sourceTree = "<group>"; };
		A0BA042B27E09D920020E264 /* Base */ = {isa = PBXFileReference; lastKnownFileType = file.storyboard; name = Base; path = Base.lproj/Main.storyboard; sourceTree = "<group>"; };
		A0BA042E27E09D920020E264 /* testGitApp.xcdatamodel */ = {isa = PBXFileReference; lastKnownFileType = wrapper.xcdatamodel; path = testGitApp.xcdatamodel; sourceTree = "<group>"; };
		A0BA043027E09D930020E264 /* Assets.xcassets */ = {isa = PBXFileReference; lastKnownFileType = folder.assetcatalog; path = Assets.xcassets; sourceTree = "<group>"; };
		A0BA043327E09D930020E264 /* Base */ = {isa = PBXFileReference; lastKnownFileType = file.storyboard; name = Base; path = Base.lproj/LaunchScreen.storyboard; sourceTree = "<group>"; };
		A0BA043527E09D930020E264 /* Info.plist */ = {isa = PBXFileReference; lastKnownFileType = text.plist.xml; path = Info.plist; sourceTree = "<group>"; };
		A0BA043A27E09D930020E264 /* testGitAppTests.xctest */ = {isa = PBXFileReference; explicitFileType = wrapper.cfbundle; includeInIndex = 0; path = testGitAppTests.xctest; sourceTree = BUILT_PRODUCTS_DIR; };
		A0BA043E27E09D930020E264 /* testGitAppTests.swift */ = {isa = PBXFileReference; lastKnownFileType = sourcecode.swift; path = testGitAppTests.swift; sourceTree = "<group>"; };
		A0BA044427E09D930020E264 /* testGitAppUITests.xctest */ = {isa = PBXFileReference; explicitFileType = wrapper.cfbundle; includeInIndex = 0; path = testGitAppUITests.xctest; sourceTree = BUILT_PRODUCTS_DIR; };
		A0BA044827E09D930020E264 /* testGitAppUITests.swift */ = {isa = PBXFileReference; lastKnownFileType = sourcecode.swift; path = testGitAppUITests.swift; sourceTree = "<group>"; };
		A0BA044A27E09D930020E264 /* testGitAppUITestsLaunchTests.swift */ = {isa = PBXFileReference; lastKnownFileType = sourcecode.swift; path = testGitAppUITestsLaunchTests.swift; sourceTree = "<group>"; };
/* End PBXFileReference section */

/* Begin PBXFrameworksBuildPhase section */
		A0BA041E27E09D920020E264 /* Frameworks */ = {
			isa = PBXFrameworksBuildPhase;
			buildActionMask = 2147483647;
			files = (
			);
			runOnlyForDeploymentPostprocessing = 0;
		};
		A0BA043727E09D930020E264 /* Frameworks */ = {
			isa = PBXFrameworksBuildPhase;
			buildActionMask = 2147483647;
			files = (
			);
			runOnlyForDeploymentPostprocessing = 0;
		};
		A0BA044127E09D930020E264 /* Frameworks */ = {
			isa = PBXFrameworksBuildPhase;
			buildActionMask = 2147483647;
			files = (
			);
			runOnlyForDeploymentPostprocessing = 0;
		};
/* End PBXFrameworksBuildPhase section */

/* Begin PBXGroup section */
		A0BA041827E09D920020E264 = {
			isa = PBXGroup;
			children = (
				A0BA042327E09D920020E264 /* testGitApp */,
				A0BA043D27E09D930020E264 /* testGitAppTests */,
				A0BA044727E09D930020E264 /* testGitAppUITests */,
				A0BA042227E09D920020E264 /* Products */,
			);
			sourceTree = "<group>";
		};
		A0BA042227E09D920020E264 /* Products */ = {
			isa = PBXGroup;
			children = (
				A0BA042127E09D920020E264 /* testGitApp.app */,
				A0BA043A27E09D930020E264 /* testGitAppTests.xctest */,
				A0BA044427E09D930020E264 /* testGitAppUITests.xctest */,
			);
			name = Products;
			sourceTree = "<group>";
		};
		A0BA042327E09D920020E264 /* testGitApp */ = {
			isa = PBXGroup;
			children = (
				A0BA042427E09D920020E264 /* AppDelegate.swift */,
				A0BA042627E09D920020E264 /* SceneDelegate.swift */,
				A0BA042827E09D920020E264 /* ViewController.swift */,
				A0BA042A27E09D920020E264 /* Main.storyboard */,
				A0BA043027E09D930020E264 /* Assets.xcassets */,
				A0BA043227E09D930020E264 /* LaunchScreen.storyboard */,
				A0BA043527E09D930020E264 /* Info.plist */,
				A0BA042D27E09D920020E264 /* testGitApp.xcdatamodeld */,
			);
			path = testGitApp;
			sourceTree = "<group>";
		};
		A0BA043D27E09D930020E264 /* testGitAppTests */ = {
			isa = PBXGroup;
			children = (
				A0BA043E27E09D930020E264 /* testGitAppTests.swift */,
			);
			path = testGitAppTests;
			sourceTree = "<group>";
		};
		A0BA044727E09D930020E264 /* testGitAppUITests */ = {
			isa = PBXGroup;
			children = (
				A0BA044827E09D930020E264 /* testGitAppUITests.swift */,
				A0BA044A27E09D930020E264 /* testGitAppUITestsLaunchTests.swift */,
			);
			path = testGitAppUITests;
			sourceTree = "<group>";
		};
/* End PBXGroup section */

/* Begin PBXNativeTarget section */
		A0BA042027E09D920020E264 /* testGitApp */ = {
			isa = PBXNativeTarget;
			buildConfigurationList = A0BA044E27E09D930020E264 /* Build configuration list for PBXNativeTarget "testGitApp" */;
			buildPhases = (
				A0BA041D27E09D920020E264 /* Sources */,
				A0BA041E27E09D920020E264 /* Frameworks */,
				A0BA041F27E09D920020E264 /* Resources */,
			);
			buildRules = (
			);
			dependencies = (
			);
			name = testGitApp;
			productName = testGitApp;
			productReference = A0BA042127E09D920020E264 /* testGitApp.app */;
			productType = "com.apple.product-type.application";
		};
		A0BA043927E09D930020E264 /* testGitAppTests */ = {
			isa = PBXNativeTarget;
			buildConfigurationList = A0BA045127E09D930020E264 /* Build configuration list for PBXNativeTarget "testGitAppTests" */;
			buildPhases = (
				A0BA043627E09D930020E264 /* Sources */,
				A0BA043727E09D930020E264 /* Frameworks */,
				A0BA043827E09D930020E264 /* Resources */,
			);
			buildRules = (
			);
			dependencies = (
				A0BA043C27E09D930020E264 /* PBXTargetDependency */,
			);
			name = testGitAppTests;
			productName = testGitAppTests;
			productReference = A0BA043A27E09D930020E264 /* testGitAppTests.xctest */;
			productType = "com.apple.product-type.bundle.unit-test";
		};
		A0BA044327E09D930020E264 /* testGitAppUITests */ = {
			isa = PBXNativeTarget;
			buildConfigurationList = A0BA045427E09D930020E264 /* Build configuration list for PBXNativeTarget "testGitAppUITests" */;
			buildPhases = (
				A0BA044027E09D930020E264 /* Sources */,
				A0BA044127E09D930020E264 /* Frameworks */,
				A0BA044227E09D930020E264 /* Resources */,
			);
			buildRules = (
			);
			dependencies = (
				A0BA044627E09D930020E264 /* PBXTargetDependency */,
			);
			name = testGitAppUITests;
			productName = testGitAppUITests;
			productReference = A0BA044427E09D930020E264 /* testGitAppUITests.xctest */;
			productType = "com.apple.product-type.bundle.ui-testing";
		};
/* End PBXNativeTarget section */

/* Begin PBXProject section */
		A0BA041927E09D920020E264 /* Project object */ = {
			isa = PBXProject;
			attributes = {
				BuildIndependentTargetsInParallel = 1;
				LastSwiftUpdateCheck = 1330;
				LastUpgradeCheck = 1330;
				TargetAttributes = {
					A0BA042027E09D920020E264 = {
						CreatedOnToolsVersion = 13.3;
					};
					A0BA043927E09D930020E264 = {
						CreatedOnToolsVersion = 13.3;
						TestTargetID = A0BA042027E09D920020E264;
					};
					A0BA044327E09D930020E264 = {
						CreatedOnToolsVersion = 13.3;
						TestTargetID = A0BA042027E09D920020E264;
					};
				};
			};
			buildConfigurationList = A0BA041C27E09D920020E264 /* Build configuration list for PBXProject "testGitApp" */;
			compatibilityVersion = "Xcode 13.0";
			developmentRegion = en;
			hasScannedForEncodings = 0;
			knownRegions = (
				en,
				Base,
			);
			mainGroup = A0BA041827E09D920020E264;
			productRefGroup = A0BA042227E09D920020E264 /* Products */;
			projectDirPath = "";
			projectRoot = "";
			targets = (
				A0BA042027E09D920020E264 /* testGitApp */,
				A0BA043927E09D930020E264 /* testGitAppTests */,
				A0BA044327E09D930020E264 /* testGitAppUITests */,
			);
		};
/* End PBXProject section */

/* Begin PBXResourcesBuildPhase section */
		A0BA041F27E09D920020E264 /* Resources */ = {
			isa = PBXResourcesBuildPhase;
			buildActionMask = 2147483647;
			files = (
				A0BA043427E09D930020E264 /* LaunchScreen.storyboard in Resources */,
				A0BA043127E09D930020E264 /* Assets.xcassets in Resources */,
				A0BA042C27E09D920020E264 /* Main.storyboard in Resources */,
			);
			runOnlyForDeploymentPostprocessing = 0;
		};
		A0BA043827E09D930020E264 /* Resources */ = {
			isa = PBXResourcesBuildPhase;
			buildActionMask = 2147483647;
			files = (
			);
			runOnlyForDeploymentPostprocessing = 0;
		};
		A0BA044227E09D930020E264 /* Resources */ = {
			isa = PBXResourcesBuildPhase;
			buildActionMask = 2147483647;
			files = (
			);
			runOnlyForDeploymentPostprocessing = 0;
		};
/* End PBXResourcesBuildPhase section */

/* Begin PBXSourcesBuildPhase section */
		A0BA041D27E09D920020E264 /* Sources */ = {
			isa = PBXSourcesBuildPhase;
			buildActionMask = 2147483647;
			files = (
				A0BA042F27E09D920020E264 /* testGitApp.xcdatamodeld in Sources */,
				A0BA042927E09D920020E264 /* ViewController.swift in Sources */,
				A0BA042527E09D920020E264 /* AppDelegate.swift in Sources */,
				A0BA042727E09D920020E264 /* SceneDelegate.swift in Sources */,
			);
			runOnlyForDeploymentPostprocessing = 0;
		};
		A0BA043627E09D930020E264 /* Sources */ = {
			isa = PBXSourcesBuildPhase;
			buildActionMask = 2147483647;
			files = (
				A0BA043F27E09D930020E264 /* testGitAppTests.swift in Sources */,
			);
			runOnlyForDeploymentPostprocessing = 0;
		};
		A0BA044027E09D930020E264 /* Sources */ = {
			isa = PBXSourcesBuildPhase;
			buildActionMask = 2147483647;
			files = (
				A0BA044927E09D930020E264 /* testGitAppUITests.swift in Sources */,
				A0BA044B27E09D930020E264 /* testGitAppUITestsLaunchTests.swift in Sources */,
			);
			runOnlyForDeploymentPostprocessing = 0;
		};
/* End PBXSourcesBuildPhase section */

/* Begin PBXTargetDependency section */
		A0BA043C27E09D930020E264 /* PBXTargetDependency */ = {
			isa = PBXTargetDependency;
			target = A0BA042027E09D920020E264 /* testGitApp */;
			targetProxy = A0BA043B27E09D930020E264 /* PBXContainerItemProxy */;
		};
		A0BA044627E09D930020E264 /* PBXTargetDependency */ = {
			isa = PBXTargetDependency;
			target = A0BA042027E09D920020E264 /* testGitApp */;
			targetProxy = A0BA044527E09D930020E264 /* PBXContainerItemProxy */;
		};
/* End PBXTargetDependency section */

/* Begin PBXVariantGroup section */
		A0BA042A27E09D920020E264 /* Main.storyboard */ = {
			isa = PBXVariantGroup;
			children = (
				A0BA042B27E09D920020E264 /* Base */,
			);
			name = Main.storyboard;
			sourceTree = "<group>";
		};
		A0BA043227E09D930020E264 /* LaunchScreen.storyboard */ = {
			isa = PBXVariantGroup;
			children = (
				A0BA043327E09D930020E264 /* Base */,
			);
			name = LaunchScreen.storyboard;
			sourceTree = "<group>";
		};
/* End PBXVariantGroup section */

/* Begin XCBuildConfiguration section */
		A0BA044C27E09D930020E264 /* Debug */ = {
			isa = XCBuildConfiguration;
			buildSettings = {
				ALWAYS_SEARCH_USER_PATHS = NO;
				CLANG_ANALYZER_NONNULL = YES;
				CLANG_ANALYZER_NUMBER_OBJECT_CONVERSION = YES_AGGRESSIVE;
				CLANG_CXX_LANGUAGE_STANDARD = "gnu++17";
				CLANG_ENABLE_MODULES = YES;
				CLANG_ENABLE_OBJC_ARC = YES;
				CLANG_ENABLE_OBJC_WEAK = YES;
				CLANG_WARN_BLOCK_CAPTURE_AUTORELEASING = YES;
				CLANG_WARN_BOOL_CONVERSION = YES;
				CLANG_WARN_COMMA = YES;
				CLANG_WARN_CONSTANT_CONVERSION = YES;
				CLANG_WARN_DEPRECATED_OBJC_IMPLEMENTATIONS = YES;
				CLANG_WARN_DIRECT_OBJC_ISA_USAGE = YES_ERROR;
				CLANG_WARN_DOCUMENTATION_COMMENTS = YES;
				CLANG_WARN_EMPTY_BODY = YES;
				CLANG_WARN_ENUM_CONVERSION = YES;
				CLANG_WARN_INFINITE_RECURSION = YES;
				CLANG_WARN_INT_CONVERSION = YES;
				CLANG_WARN_NON_LITERAL_NULL_CONVERSION = YES;
				CLANG_WARN_OBJC_IMPLICIT_RETAIN_SELF = YES;
				CLANG_WARN_OBJC_LITERAL_CONVERSION = YES;
				CLANG_WARN_OBJC_ROOT_CLASS = YES_ERROR;
				CLANG_WARN_QUOTED_INCLUDE_IN_FRAMEWORK_HEADER = YES;
				CLANG_WARN_RANGE_LOOP_ANALYSIS = YES;
				CLANG_WARN_STRICT_PROTOTYPES = YES;
				CLANG_WARN_SUSPICIOUS_MOVE = YES;
				CLANG_WARN_UNGUARDED_AVAILABILITY = YES_AGGRESSIVE;
				CLANG_WARN_UNREACHABLE_CODE = YES;
				CLANG_WARN__DUPLICATE_METHOD_MATCH = YES;
				COPY_PHASE_STRIP = NO;
				DEBUG_INFORMATION_FORMAT = dwarf;
				ENABLE_STRICT_OBJC_MSGSEND = YES;
				ENABLE_TESTABILITY = YES;
				GCC_C_LANGUAGE_STANDARD = gnu11;
				GCC_DYNAMIC_NO_PIC = NO;
				GCC_NO_COMMON_BLOCKS = YES;
				GCC_OPTIMIZATION_LEVEL = 0;
				GCC_PREPROCESSOR_DEFINITIONS = (
					"DEBUG=1",
					"$(inherited)",
				);
				GCC_WARN_64_TO_32_BIT_CONVERSION = YES;
				GCC_WARN_ABOUT_RETURN_TYPE = YES_ERROR;
				GCC_WARN_UNDECLARED_SELECTOR = YES;
				GCC_WARN_UNINITIALIZED_AUTOS = YES_AGGRESSIVE;
				GCC_WARN_UNUSED_FUNCTION = YES;
				GCC_WARN_UNUSED_VARIABLE = YES;
				IPHONEOS_DEPLOYMENT_TARGET = 15.4;
				MTL_ENABLE_DEBUG_INFO = INCLUDE_SOURCE;
				MTL_FAST_MATH = YES;
				ONLY_ACTIVE_ARCH = YES;
				SDKROOT = iphoneos;
				SWIFT_ACTIVE_COMPILATION_CONDITIONS = DEBUG;
				SWIFT_OPTIMIZATION_LEVEL = "-Onone";
			};
			name = Debug;
		};
		A0BA044D27E09D930020E264 /* Release */ = {
			isa = XCBuildConfiguration;
			buildSettings = {
				ALWAYS_SEARCH_USER_PATHS = NO;
				CLANG_ANALYZER_NONNULL = YES;
				CLANG_ANALYZER_NUMBER_OBJECT_CONVERSION = YES_AGGRESSIVE;
				CLANG_CXX_LANGUAGE_STANDARD = "gnu++17";
				CLANG_ENABLE_MODULES = YES;
				CLANG_ENABLE_OBJC_ARC = YES;
				CLANG_ENABLE_OBJC_WEAK = YES;
				CLANG_WARN_BLOCK_CAPTURE_AUTORELEASING = YES;
				CLANG_WARN_BOOL_CONVERSION = YES;
				CLANG_WARN_COMMA = YES;
				CLANG_WARN_CONSTANT_CONVERSION = YES;
				CLANG_WARN_DEPRECATED_OBJC_IMPLEMENTATIONS = YES;
				CLANG_WARN_DIRECT_OBJC_ISA_USAGE = YES_ERROR;
				CLANG_WARN_DOCUMENTATION_COMMENTS = YES;
				CLANG_WARN_EMPTY_BODY = YES;
				CLANG_WARN_ENUM_CONVERSION = YES;
				CLANG_WARN_INFINITE_RECURSION = YES;
				CLANG_WARN_INT_CONVERSION = YES;
				CLANG_WARN_NON_LITERAL_NULL_CONVERSION = YES;
				CLANG_WARN_OBJC_IMPLICIT_RETAIN_SELF = YES;
				CLANG_WARN_OBJC_LITERAL_CONVERSION = YES;
				CLANG_WARN_OBJC_ROOT_CLASS = YES_ERROR;
				CLANG_WARN_QUOTED_INCLUDE_IN_FRAMEWORK_HEADER = YES;
				CLANG_WARN_RANGE_LOOP_ANALYSIS = YES;
				CLANG_WARN_STRICT_PROTOTYPES = YES;
				CLANG_WARN_SUSPICIOUS_MOVE = YES;
				CLANG_WARN_UNGUARDED_AVAILABILITY = YES_AGGRESSIVE;
				CLANG_WARN_UNREACHABLE_CODE = YES;
				CLANG_WARN__DUPLICATE_METHOD_MATCH = YES;
				COPY_PHASE_STRIP = NO;
				DEBUG_INFORMATION_FORMAT = "dwarf-with-dsym";
				ENABLE_NS_ASSERTIONS = NO;
				ENABLE_STRICT_OBJC_MSGSEND = YES;
				GCC_C_LANGUAGE_STANDARD = gnu11;
				GCC_NO_COMMON_BLOCKS = YES;
				GCC_WARN_64_TO_32_BIT_CONVERSION = YES;
				GCC_WARN_ABOUT_RETURN_TYPE = YES_ERROR;
				GCC_WARN_UNDECLARED_SELECTOR = YES;
				GCC_WARN_UNINITIALIZED_AUTOS = YES_AGGRESSIVE;
				GCC_WARN_UNUSED_FUNCTION = YES;
				GCC_WARN_UNUSED_VARIABLE = YES;
				IPHONEOS_DEPLOYMENT_TARGET = 15.4;
				MTL_ENABLE_DEBUG_INFO = NO;
				MTL_FAST_MATH = YES;
				SDKROOT = iphoneos;
				SWIFT_COMPILATION_MODE = wholemodule;
				SWIFT_OPTIMIZATION_LEVEL = "-O";
				VALIDATE_PRODUCT = YES;
			};
			name = Release;
		};
		A0BA044F27E09D930020E264 /* Debug */ = {
			isa = XCBuildConfiguration;
			buildSettings = {
				ASSETCATALOG_COMPILER_APPICON_NAME = AppIcon;
				ASSETCATALOG_COMPILER_GLOBAL_ACCENT_COLOR_NAME = AccentColor;
				CODE_SIGN_STYLE = Automatic;
				CURRENT_PROJECT_VERSION = 1;
				GENERATE_INFOPLIST_FILE = YES;
				INFOPLIST_FILE = testGitApp/Info.plist;
				INFOPLIST_KEY_UIApplicationSupportsIndirectInputEvents = YES;
				INFOPLIST_KEY_UILaunchStoryboardName = LaunchScreen;
				INFOPLIST_KEY_UIMainStoryboardFile = Main;
				INFOPLIST_KEY_UISupportedInterfaceOrientations_iPad = "UIInterfaceOrientationPortrait UIInterfaceOrientationPortraitUpsideDown UIInterfaceOrientationLandscapeLeft UIInterfaceOrientationLandscapeRight";
				INFOPLIST_KEY_UISupportedInterfaceOrientations_iPhone = "UIInterfaceOrientationPortrait UIInterfaceOrientationLandscapeLeft UIInterfaceOrientationLandscapeRight";
				LD_RUNPATH_SEARCH_PATHS = (
					"$(inherited)",
					"@executable_path/Frameworks",
				);
				MARKETING_VERSION = 1.0;
				PRODUCT_BUNDLE_IDENTIFIER = atsushi.testGitApp;
				PRODUCT_NAME = "$(TARGET_NAME)";
				SWIFT_EMIT_LOC_STRINGS = YES;
				SWIFT_VERSION = 5.0;
				TARGETED_DEVICE_FAMILY = "1,2";
			};
			name = Debug;
		};
		A0BA045027E09D930020E264 /* Release */ = {
			isa = XCBuildConfiguration;
			buildSettings = {
				ASSETCATALOG_COMPILER_APPICON_NAME = AppIcon;
				ASSETCATALOG_COMPILER_GLOBAL_ACCENT_COLOR_NAME = AccentColor;
				CODE_SIGN_STYLE = Automatic;
				CURRENT_PROJECT_VERSION = 1;
				GENERATE_INFOPLIST_FILE = YES;
				INFOPLIST_FILE = testGitApp/Info.plist;
				INFOPLIST_KEY_UIApplicationSupportsIndirectInputEvents = YES;
				INFOPLIST_KEY_UILaunchStoryboardName = LaunchScreen;
				INFOPLIST_KEY_UIMainStoryboardFile = Main;
				INFOPLIST_KEY_UISupportedInterfaceOrientations_iPad = "UIInterfaceOrientationPortrait UIInterfaceOrientationPortraitUpsideDown UIInterfaceOrientationLandscapeLeft UIInterfaceOrientationLandscapeRight";
				INFOPLIST_KEY_UISupportedInterfaceOrientations_iPhone = "UIInterfaceOrientationPortrait UIInterfaceOrientationLandscapeLeft UIInterfaceOrientationLandscapeRight";
				LD_RUNPATH_SEARCH_PATHS = (
					"$(inherited)",
					"@executable_path/Frameworks",
				);
				MARKETING_VERSION = 1.0;
				PRODUCT_BUNDLE_IDENTIFIER = atsushi.testGitApp;
				PRODUCT_NAME = "$(TARGET_NAME)";
				SWIFT_EMIT_LOC_STRINGS = YES;
				SWIFT_VERSION = 5.0;
				TARGETED_DEVICE_FAMILY = "1,2";
			};
			name = Release;
		};
		A0BA045227E09D930020E264 /* Debug */ = {
			isa = XCBuildConfiguration;
			buildSettings = {
				ALWAYS_EMBED_SWIFT_STANDARD_LIBRARIES = YES;
				BUNDLE_LOADER = "$(TEST_HOST)";
				CODE_SIGN_STYLE = Automatic;
				CURRENT_PROJECT_VERSION = 1;
				GENERATE_INFOPLIST_FILE = YES;
				IPHONEOS_DEPLOYMENT_TARGET = 15.4;
				MARKETING_VERSION = 1.0;
				PRODUCT_BUNDLE_IDENTIFIER = atsushi.testGitAppTests;
				PRODUCT_NAME = "$(TARGET_NAME)";
				SWIFT_EMIT_LOC_STRINGS = NO;
				SWIFT_VERSION = 5.0;
				TARGETED_DEVICE_FAMILY = "1,2";
				TEST_HOST = "$(BUILT_PRODUCTS_DIR)/testGitApp.app/testGitApp";
			};
			name = Debug;
		};
		A0BA045327E09D930020E264 /* Release */ = {
			isa = XCBuildConfiguration;
			buildSettings = {
				ALWAYS_EMBED_SWIFT_STANDARD_LIBRARIES = YES;
				BUNDLE_LOADER = "$(TEST_HOST)";
				CODE_SIGN_STYLE = Automatic;
				CURRENT_PROJECT_VERSION = 1;
				GENERATE_INFOPLIST_FILE = YES;
				IPHONEOS_DEPLOYMENT_TARGET = 15.4;
				MARKETING_VERSION = 1.0;
				PRODUCT_BUNDLE_IDENTIFIER = atsushi.testGitAppTests;
				PRODUCT_NAME = "$(TARGET_NAME)";
				SWIFT_EMIT_LOC_STRINGS = NO;
				SWIFT_VERSION = 5.0;
				TARGETED_DEVICE_FAMILY = "1,2";
				TEST_HOST = "$(BUILT_PRODUCTS_DIR)/testGitApp.app/testGitApp";
			};
			name = Release;
		};
		A0BA045527E09D930020E264 /* Debug */ = {
			isa = XCBuildConfiguration;
			buildSettings = {
				ALWAYS_EMBED_SWIFT_STANDARD_LIBRARIES = YES;
				CODE_SIGN_STYLE = Automatic;
				CURRENT_PROJECT_VERSION = 1;
				GENERATE_INFOPLIST_FILE = YES;
				MARKETING_VERSION = 1.0;
				PRODUCT_BUNDLE_IDENTIFIER = atsushi.testGitAppUITests;
				PRODUCT_NAME = "$(TARGET_NAME)";
				SWIFT_EMIT_LOC_STRINGS = NO;
				SWIFT_VERSION = 5.0;
				TARGETED_DEVICE_FAMILY = "1,2";
				TEST_TARGET_NAME = testGitApp;
			};
			name = Debug;
		};
		A0BA045627E09D930020E264 /* Release */ = {
			isa = XCBuildConfiguration;
			buildSettings = {
				ALWAYS_EMBED_SWIFT_STANDARD_LIBRARIES = YES;
				CODE_SIGN_STYLE = Automatic;
				CURRENT_PROJECT_VERSION = 1;
				GENERATE_INFOPLIST_FILE = YES;
				MARKETING_VERSION = 1.0;
				PRODUCT_BUNDLE_IDENTIFIER = atsushi.testGitAppUITests;
				PRODUCT_NAME = "$(TARGET_NAME)";
				SWIFT_EMIT_LOC_STRINGS = NO;
				SWIFT_VERSION = 5.0;
				TARGETED_DEVICE_FAMILY = "1,2";
				TEST_TARGET_NAME = testGitApp;
			};
			name = Release;
		};
/* End XCBuildConfiguration section */

/* Begin XCConfigurationList section */
		A0BA041C27E09D920020E264 /* Build configuration list for PBXProject "testGitApp" */ = {
			isa = XCConfigurationList;
			buildConfigurations = (
				A0BA044C27E09D930020E264 /* Debug */,
				A0BA044D27E09D930020E264 /* Release */,
			);
			defaultConfigurationIsVisible = 0;
			defaultConfigurationName = Release;
		};
		A0BA044E27E09D930020E264 /* Build configuration list for PBXNativeTarget "testGitApp" */ = {
			isa = XCConfigurationList;
			buildConfigurations = (
				A0BA044F27E09D930020E264 /* Debug */,
				A0BA045027E09D930020E264 /* Release */,
			);
			defaultConfigurationIsVisible = 0;
			defaultConfigurationName = Release;
		};
		A0BA045127E09D930020E264 /* Build configuration list for PBXNativeTarget "testGitAppTests" */ = {
			isa = XCConfigurationList;
			buildConfigurations = (
				A0BA045227E09D930020E264 /* Debug */,
				A0BA045327E09D930020E264 /* Release */,
			);
			defaultConfigurationIsVisible = 0;
			defaultConfigurationName = Release;
		};
		A0BA045427E09D930020E264 /* Build configuration list for PBXNativeTarget "testGitAppUITests" */ = {
			isa = XCConfigurationList;
			buildConfigurations = (
				A0BA045527E09D930020E264 /* Debug */,
				A0BA045627E09D930020E264 /* Release */,
			);
			defaultConfigurationIsVisible = 0;
			defaultConfigurationName = Release;
		};
/* End XCConfigurationList section */

/* Begin XCVersionGroup section */
		A0BA042D27E09D920020E264 /* testGitApp.xcdatamodeld */ = {
			isa = XCVersionGroup;
			children = (
				A0BA042E27E09D920020E264 /* testGitApp.xcdatamodel */,
			);
			currentVersion = A0BA042E27E09D920020E264 /* testGitApp.xcdatamodel */;
			path = testGitApp.xcdatamodeld;
			sourceTree = "<group>";
			versionGroupType = wrapper.xcdatamodel;
		};
/* End XCVersionGroup section */
	};
	rootObject = A0BA041927E09D920020E264 /* Project object */;
}
